
Microsoft Visual Studio Solution File, Format Version 12.00
# Visual Studio Version 17
VisualStudioVersion = 17.4.33403.182
MinimumVisualStudioVersion = 10.0.40219.1
Project("{FAE04EC0-301F-11D3-BF4B-00C04F79EFBC}") = "ChallengeApp", "ChallengeApp\ChallengeApp.csproj", "{4BCEC38A-851E-4065-81B9-9BB2A61DA527}"
EndProject
Global
	GlobalSection(SolutionConfigurationPlatforms) = preSolution
		Debug|Any CPU = Debug|Any CPU
		Release|Any CPU = Release|Any CPU
	EndGlobalSection
	GlobalSection(ProjectConfigurationPlatforms) = postSolution
		{4BCEC38A-851E-4065-81B9-9BB2A61DA527}.Debug|Any CPU.ActiveCfg = Debug|Any CPU
		{4BCEC38A-851E-4065-81B9-9BB2A61DA527}.Debug|Any CPU.Build.0 = Debug|Any CPU
		{4BCEC38A-851E-4065-81B9-9BB2A61DA527}.Release|Any CPU.ActiveCfg = Release|Any CPU
		{4BCEC38A-851E-4065-81B9-9BB2A61DA527}.Release|Any CPU.Build.0 = Release|Any CPU
	EndGlobalSection
	GlobalSection(SolutionProperties) = preSolution
		HideSolutionNode = FALSE
	EndGlobalSection
	GlobalSection(ExtensibilityGlobals) = postSolution
		SolutionGuid = {DF40B8B0-CCCF-4846-AEBE-EB9F72A36E3E}
	EndGlobalSection
EndGlobal
